
Microsoft Visual Studio Solution File, Format Version 12.00
# Visual Studio Version 16
VisualStudioVersion = 16.0.31702.278
MinimumVisualStudioVersion = 10.0.40219.1
Project("{FAE04EC0-301F-11D3-BF4B-00C04F79EFBC}") = "Anonymous_pipes_server", "Anonymous_pipes_server.csproj", "{514CE2D2-F588-45F1-9274-495B0D0AFA43}"
EndProject
Global
	GlobalSection(SolutionConfigurationPlatforms) = preSolution
		Debug|Any CPU = Debug|Any CPU
		Release|Any CPU = Release|Any CPU
	EndGlobalSection
	GlobalSection(ProjectConfigurationPlatforms) = postSolution
		{514CE2D2-F588-45F1-9274-495B0D0AFA43}.Debug|Any CPU.ActiveCfg = Debug|Any CPU
		{514CE2D2-F588-45F1-9274-495B0D0AFA43}.Debug|Any CPU.Build.0 = Debug|Any CPU
		{514CE2D2-F588-45F1-9274-495B0D0AFA43}.Release|Any CPU.ActiveCfg = Release|Any CPU
		{514CE2D2-F588-45F1-9274-495B0D0AFA43}.Release|Any CPU.Build.0 = Release|Any CPU
	EndGlobalSection
	GlobalSection(SolutionProperties) = preSolution
		HideSolutionNode = FALSE
	EndGlobalSection
	GlobalSection(ExtensibilityGlobals) = postSolution
		SolutionGuid = {F101245B-953B-4458-8784-766358828B75}
	EndGlobalSection
EndGlobal
