
Microsoft Visual Studio Solution File, Format Version 12.00
# Visual Studio Version 16
VisualStudioVersion = 16.0.31702.278
MinimumVisualStudioVersion = 10.0.40219.1
Project("{FAE04EC0-301F-11D3-BF4B-00C04F79EFBC}") = "NamedPipeServer", "NamedPipeServer.csproj", "{7E8BFC99-A0C6-4F7E-AF71-6AA212F46036}"
EndProject
Global
	GlobalSection(SolutionConfigurationPlatforms) = preSolution
		Debug|Any CPU = Debug|Any CPU
		Release|Any CPU = Release|Any CPU
	EndGlobalSection
	GlobalSection(ProjectConfigurationPlatforms) = postSolution
		{7E8BFC99-A0C6-4F7E-AF71-6AA212F46036}.Debug|Any CPU.ActiveCfg = Debug|Any CPU
		{7E8BFC99-A0C6-4F7E-AF71-6AA212F46036}.Debug|Any CPU.Build.0 = Debug|Any CPU
		{7E8BFC99-A0C6-4F7E-AF71-6AA212F46036}.Release|Any CPU.ActiveCfg = Release|Any CPU
		{7E8BFC99-A0C6-4F7E-AF71-6AA212F46036}.Release|Any CPU.Build.0 = Release|Any CPU
	EndGlobalSection
	GlobalSection(SolutionProperties) = preSolution
		HideSolutionNode = FALSE
	EndGlobalSection
	GlobalSection(ExtensibilityGlobals) = postSolution
		SolutionGuid = {A762B3FD-D037-49AE-93F8-5E8C33EBA5A9}
	EndGlobalSection
EndGlobal
